
Microsoft Visual Studio Solution File, Format Version 12.00
# Visual Studio 15
VisualStudioVersion = 15.0.28307.1433
MinimumVisualStudioVersion = 10.0.40219.1
Project("{262852C6-CD72-467D-83FE-5EEB1973A190}") = "WeeklyPlanner", "WeeklyPlanner\WeeklyPlanner.jsproj", "{FF9E34D4-484A-453D-8252-C4CAECF5E6FE}"
EndProject
Global
	GlobalSection(SolutionConfigurationPlatforms) = preSolution
		Debug|Android = Debug|Android
		Debug|iOS = Debug|iOS
		Debug|Windows-ARM = Debug|Windows-ARM
		Debug|Windows-x64 = Debug|Windows-x64
		Debug|Windows-x86 = Debug|Windows-x86
		Release|Android = Release|Android
		Release|iOS = Release|iOS
		Release|Windows-ARM = Release|Windows-ARM
		Release|Windows-x64 = Release|Windows-x64
		Release|Windows-x86 = Release|Windows-x86
	EndGlobalSection
	GlobalSection(ProjectConfigurationPlatforms) = postSolution
		{FF9E34D4-484A-453D-8252-C4CAECF5E6FE}.Debug|Android.ActiveCfg = Debug|Android
		{FF9E34D4-484A-453D-8252-C4CAECF5E6FE}.Debug|Android.Build.0 = Debug|Android
		{FF9E34D4-484A-453D-8252-C4CAECF5E6FE}.Debug|Android.Deploy.0 = Debug|Android
		{FF9E34D4-484A-453D-8252-C4CAECF5E6FE}.Debug|iOS.ActiveCfg = Debug|iOS
		{FF9E34D4-484A-453D-8252-C4CAECF5E6FE}.Debug|iOS.Build.0 = Debug|iOS
		{FF9E34D4-484A-453D-8252-C4CAECF5E6FE}.Debug|iOS.Deploy.0 = Debug|iOS
		{FF9E34D4-484A-453D-8252-C4CAECF5E6FE}.Debug|Windows-ARM.ActiveCfg = Debug|Windows-ARM
		{FF9E34D4-484A-453D-8252-C4CAECF5E6FE}.Debug|Windows-ARM.Build.0 = Debug|Windows-ARM
		{FF9E34D4-484A-453D-8252-C4CAECF5E6FE}.Debug|Windows-ARM.Deploy.0 = Debug|Windows-ARM
		{FF9E34D4-484A-453D-8252-C4CAECF5E6FE}.Debug|Windows-x64.ActiveCfg = Debug|Windows-x64
		{FF9E34D4-484A-453D-8252-C4CAECF5E6FE}.Debug|Windows-x64.Build.0 = Debug|Windows-x64
		{FF9E34D4-484A-453D-8252-C4CAECF5E6FE}.Debug|Windows-x64.Deploy.0 = Debug|Windows-x64
		{FF9E34D4-484A-453D-8252-C4CAECF5E6FE}.Debug|Windows-x86.ActiveCfg = Debug|Windows-x86
		{FF9E34D4-484A-453D-8252-C4CAECF5E6FE}.Debug|Windows-x86.Build.0 = Debug|Windows-x86
		{FF9E34D4-484A-453D-8252-C4CAECF5E6FE}.Debug|Windows-x86.Deploy.0 = Debug|Windows-x86
		{FF9E34D4-484A-453D-8252-C4CAECF5E6FE}.Release|Android.ActiveCfg = Release|Android
		{FF9E34D4-484A-453D-8252-C4CAECF5E6FE}.Release|Android.Build.0 = Release|Android
		{FF9E34D4-484A-453D-8252-C4CAECF5E6FE}.Release|Android.Deploy.0 = Release|Android
		{FF9E34D4-484A-453D-8252-C4CAECF5E6FE}.Release|iOS.ActiveCfg = Release|iOS
		{FF9E34D4-484A-453D-8252-C4CAECF5E6FE}.Release|iOS.Build.0 = Release|iOS
		{FF9E34D4-484A-453D-8252-C4CAECF5E6FE}.Release|iOS.Deploy.0 = Release|iOS
		{FF9E34D4-484A-453D-8252-C4CAECF5E6FE}.Release|Windows-ARM.ActiveCfg = Release|Windows-ARM
		{FF9E34D4-484A-453D-8252-C4CAECF5E6FE}.Release|Windows-ARM.Build.0 = Release|Windows-ARM
		{FF9E34D4-484A-453D-8252-C4CAECF5E6FE}.Release|Windows-ARM.Deploy.0 = Release|Windows-ARM
		{FF9E34D4-484A-453D-8252-C4CAECF5E6FE}.Release|Windows-x64.ActiveCfg = Release|Windows-x64
		{FF9E34D4-484A-453D-8252-C4CAECF5E6FE}.Release|Windows-x64.Build.0 = Release|Windows-x64
		{FF9E34D4-484A-453D-8252-C4CAECF5E6FE}.Release|Windows-x64.Deploy.0 = Release|Windows-x64
		{FF9E34D4-484A-453D-8252-C4CAECF5E6FE}.Release|Windows-x86.ActiveCfg = Release|Windows-x86
		{FF9E34D4-484A-453D-8252-C4CAECF5E6FE}.Release|Windows-x86.Build.0 = Release|Windows-x86
		{FF9E34D4-484A-453D-8252-C4CAECF5E6FE}.Release|Windows-x86.Deploy.0 = Release|Windows-x86
	EndGlobalSection
	GlobalSection(SolutionProperties) = preSolution
		HideSolutionNode = FALSE
	EndGlobalSection
	GlobalSection(ExtensibilityGlobals) = postSolution
		SolutionGuid = {3C2A2E59-BE35-4ADE-BF01-4A0835464C0A}
	EndGlobalSection
EndGlobal
